
Microsoft Visual Studio Solution File, Format Version 12.00
# Visual Studio Version 17
VisualStudioVersion = 17.2.32616.157
MinimumVisualStudioVersion = 10.0.40219.1
Project("{FAE04EC0-301F-11D3-BF4B-00C04F79EFBC}") = "EjercicioExcepcionesMetodos", "EjercicioExcepcionesMetodos\EjercicioExcepcionesMetodos.csproj", "{632AA944-1954-4739-A8E8-C8CA5A7725CE}"
EndProject
Project("{FAE04EC0-301F-11D3-BF4B-00C04F79EFBC}") = "EjercicioExcepcionesMetodosTests3", "EjercicioExcepcionesMetodosTests3\EjercicioExcepcionesMetodosTests3.csproj", "{40696CBF-EDD8-48E5-9A5E-572865209574}"
EndProject
Global
	GlobalSection(SolutionConfigurationPlatforms) = preSolution
		Debug|Any CPU = Debug|Any CPU
		Release|Any CPU = Release|Any CPU
	EndGlobalSection
	GlobalSection(ProjectConfigurationPlatforms) = postSolution
		{632AA944-1954-4739-A8E8-C8CA5A7725CE}.Debug|Any CPU.ActiveCfg = Debug|Any CPU
		{632AA944-1954-4739-A8E8-C8CA5A7725CE}.Debug|Any CPU.Build.0 = Debug|Any CPU
		{632AA944-1954-4739-A8E8-C8CA5A7725CE}.Release|Any CPU.ActiveCfg = Release|Any CPU
		{632AA944-1954-4739-A8E8-C8CA5A7725CE}.Release|Any CPU.Build.0 = Release|Any CPU
		{40696CBF-EDD8-48E5-9A5E-572865209574}.Debug|Any CPU.ActiveCfg = Debug|Any CPU
		{40696CBF-EDD8-48E5-9A5E-572865209574}.Debug|Any CPU.Build.0 = Debug|Any CPU
		{40696CBF-EDD8-48E5-9A5E-572865209574}.Release|Any CPU.ActiveCfg = Release|Any CPU
		{40696CBF-EDD8-48E5-9A5E-572865209574}.Release|Any CPU.Build.0 = Release|Any CPU
	EndGlobalSection
	GlobalSection(SolutionProperties) = preSolution
		HideSolutionNode = FALSE
	EndGlobalSection
	GlobalSection(ExtensibilityGlobals) = postSolution
		SolutionGuid = {6E30A1A6-3A5C-4B02-94E6-58CBA9A178C5}
	EndGlobalSection
EndGlobal
