
Microsoft Visual Studio Solution File, Format Version 12.00
# Visual Studio Version 17
VisualStudioVersion = 17.2.32616.157
MinimumVisualStudioVersion = 10.0.40219.1
Project("{FAE04EC0-301F-11D3-BF4B-00C04F79EFBC}") = "Lab.TP8.Logic", "Lab.TP4.EF.Logic\Lab.TP8.Logic.csproj", "{43BD69C3-61C0-44BF-966C-39DFCABC523D}"
EndProject
Project("{FAE04EC0-301F-11D3-BF4B-00C04F79EFBC}") = "Lab.TP8.Datos", "Lab.TP4.EF.Datos\Lab.TP8.Datos.csproj", "{7B5DD5CA-D348-41A0-89E3-65463E2758EF}"
EndProject
Project("{FAE04EC0-301F-11D3-BF4B-00C04F79EFBC}") = "Lab.TP8.Entities", "Lab.TP4.EF.Entities\Lab.TP8.Entities.csproj", "{AFE2B5C7-49B7-4C59-8FF0-AB0376E46FA0}"
EndProject
Project("{FAE04EC0-301F-11D3-BF4B-00C04F79EFBC}") = "Lab.TP8.MVC", "Lab.TP7.MVC\Lab.TP8.MVC.csproj", "{D52789E4-30DD-4ED7-85FE-FC227CDE2ECF}"
EndProject
Project("{FAE04EC0-301F-11D3-BF4B-00C04F79EFBC}") = "Lab.TP8.WebAPI", "Lab.TP8.WebAPI\Lab.TP8.WebAPI.csproj", "{DCB81F5F-ABCD-40CC-A101-A9235B6A1708}"
EndProject
Project("{FAE04EC0-301F-11D3-BF4B-00C04F79EFBC}") = "Lab.TP8.Services", "Lab.TP8.Services\Lab.TP8.Services.csproj", "{CC16B843-61A9-4F49-B202-6200899278DA}"
EndProject
Global
	GlobalSection(SolutionConfigurationPlatforms) = preSolution
		Debug|Any CPU = Debug|Any CPU
		Release|Any CPU = Release|Any CPU
	EndGlobalSection
	GlobalSection(ProjectConfigurationPlatforms) = postSolution
		{43BD69C3-61C0-44BF-966C-39DFCABC523D}.Debug|Any CPU.ActiveCfg = Debug|Any CPU
		{43BD69C3-61C0-44BF-966C-39DFCABC523D}.Debug|Any CPU.Build.0 = Debug|Any CPU
		{43BD69C3-61C0-44BF-966C-39DFCABC523D}.Release|Any CPU.ActiveCfg = Release|Any CPU
		{43BD69C3-61C0-44BF-966C-39DFCABC523D}.Release|Any CPU.Build.0 = Release|Any CPU
		{7B5DD5CA-D348-41A0-89E3-65463E2758EF}.Debug|Any CPU.ActiveCfg = Debug|Any CPU
		{7B5DD5CA-D348-41A0-89E3-65463E2758EF}.Debug|Any CPU.Build.0 = Debug|Any CPU
		{7B5DD5CA-D348-41A0-89E3-65463E2758EF}.Release|Any CPU.ActiveCfg = Release|Any CPU
		{7B5DD5CA-D348-41A0-89E3-65463E2758EF}.Release|Any CPU.Build.0 = Release|Any CPU
		{AFE2B5C7-49B7-4C59-8FF0-AB0376E46FA0}.Debug|Any CPU.ActiveCfg = Debug|Any CPU
		{AFE2B5C7-49B7-4C59-8FF0-AB0376E46FA0}.Debug|Any CPU.Build.0 = Debug|Any CPU
		{AFE2B5C7-49B7-4C59-8FF0-AB0376E46FA0}.Release|Any CPU.ActiveCfg = Release|Any CPU
		{AFE2B5C7-49B7-4C59-8FF0-AB0376E46FA0}.Release|Any CPU.Build.0 = Release|Any CPU
		{D52789E4-30DD-4ED7-85FE-FC227CDE2ECF}.Debug|Any CPU.ActiveCfg = Debug|Any CPU
		{D52789E4-30DD-4ED7-85FE-FC227CDE2ECF}.Debug|Any CPU.Build.0 = Debug|Any CPU
		{D52789E4-30DD-4ED7-85FE-FC227CDE2ECF}.Release|Any CPU.ActiveCfg = Release|Any CPU
		{D52789E4-30DD-4ED7-85FE-FC227CDE2ECF}.Release|Any CPU.Build.0 = Release|Any CPU
		{DCB81F5F-ABCD-40CC-A101-A9235B6A1708}.Debug|Any CPU.ActiveCfg = Debug|Any CPU
		{DCB81F5F-ABCD-40CC-A101-A9235B6A1708}.Debug|Any CPU.Build.0 = Debug|Any CPU
		{DCB81F5F-ABCD-40CC-A101-A9235B6A1708}.Release|Any CPU.ActiveCfg = Release|Any CPU
		{DCB81F5F-ABCD-40CC-A101-A9235B6A1708}.Release|Any CPU.Build.0 = Release|Any CPU
		{CC16B843-61A9-4F49-B202-6200899278DA}.Debug|Any CPU.ActiveCfg = Debug|Any CPU
		{CC16B843-61A9-4F49-B202-6200899278DA}.Debug|Any CPU.Build.0 = Debug|Any CPU
		{CC16B843-61A9-4F49-B202-6200899278DA}.Release|Any CPU.ActiveCfg = Release|Any CPU
		{CC16B843-61A9-4F49-B202-6200899278DA}.Release|Any CPU.Build.0 = Release|Any CPU
	EndGlobalSection
	GlobalSection(SolutionProperties) = preSolution
		HideSolutionNode = FALSE
	EndGlobalSection
	GlobalSection(ExtensibilityGlobals) = postSolution
		SolutionGuid = {42B4F8DE-C29D-402F-B2DB-333A79C6C694}
	EndGlobalSection
EndGlobal
